{
  "version": 4,
  "terraform_version": "1.4.6",
  "serial": 12,
  "lineage": "66825803-8b65-2944-bf22-8212ea8cd21b",
  "outputs": {
    "arquivozip": {
      "value": 416,
      "type": "number"
    },
    "random_string": {
      "value": "emdWy",
      "type": "string"
    }
  },
  "resources": [
    {
      "mode": "data",
      "type": "archive_file",
      "name": "arquivozip",
      "provider": "provider[\"registry.terraform.io/hashicorp/archive\"]",
      "instances": [
        {
          "schema_version": 0,
          "attributes": {
            "exclude_symlink_directories": null,
            "excludes": null,
            "id": "6433172cfa35985aeb621df057ed1bbd699184e8",
            "output_base64sha256": "TKgt7IQ1b8COCYR5URiQBMw+t6oj0gx2eelmjV5IFQY=",
            "output_base64sha512": "E1b/rX0mX9nzig9m3H6d5ch94yxzEcSM6areWnxRJ//ZyrnFzy0qPvtTwCbArla0kxwtQO56ZMhgog98DdQK0g==",
            "output_file_mode": null,
            "output_md5": "065a20b9dacbde2f20a769ed1bf2ffd5",
            "output_path": "backup_dir.zip",
            "output_sha": "6433172cfa35985aeb621df057ed1bbd699184e8",
            "output_sha256": "4ca82dec84356fc08e09847951189004cc3eb7aa23d20c7679e9668d5e481506",
            "output_sha512": "1356ffad7d265fd9f38a0f66dc7e9de5c87de32c7311c48ce9aade5a7c5127ffd9cab9c5cf2d2a3efb53c026c0ae56b4931c2d40ee7a64c860a20f7c0dd40ad2",
            "output_size": 416,
            "source": [],
            "source_content": null,
            "source_content_filename": null,
            "source_dir": "data_backup",
            "source_file": null,
            "type": "zip"
          },
          "sensitive_attributes": []
        }
      ]
    },
    {
      "mode": "managed",
      "type": "random_string",
      "name": "random",
      "provider": "provider[\"registry.terraform.io/hashicorp/random\"]",
      "instances": [
        {
          "schema_version": 2,
          "attributes": {
            "id": "emdWy",
            "keepers": null,
            "length": 5,
            "lower": true,
            "min_lower": 0,
            "min_numeric": 0,
            "min_special": 0,
            "min_upper": 0,
            "number": true,
            "numeric": true,
            "override_special": null,
            "result": "emdWy",
            "special": true,
            "upper": true
          },
          "sensitive_attributes": []
        }
      ]
    }
  ],
  "check_results": null
}
